{
  "name": "@herdwatch/cordova-plugin-3dtouch",
  "version": "1.4.1",
  "lockfileVersion": 3,
  "requires": true,
  "packages": {
    "": {
      "name": "@herdwatch/cordova-plugin-3dtouch",
      "version": "1.4.1",
      "engines": [
        {
          "name": "cordova",
          "version": ">=3.5.0"
        }
      ],
      "license": "MIT"
    }
  }
}
